
Microsoft Visual Studio Solution File, Format Version 12.00
# Visual Studio Version 17
VisualStudioVersion = 17.8.34309.116
MinimumVisualStudioVersion = 10.0.40219.1
Project("{FAE04EC0-301F-11D3-BF4B-00C04F79EFBC}") = "OurBrowser", "OurBrowser.csproj", "{7E885119-F319-4FDE-B235-58F90EE6CD78}"
EndProject
Global
	GlobalSection(SolutionConfigurationPlatforms) = preSolution
		Debug|Any CPU = Debug|Any CPU
		Debug|x64 = Debug|x64
		Release|Any CPU = Release|Any CPU
		Release|x64 = Release|x64
	EndGlobalSection
	GlobalSection(ProjectConfigurationPlatforms) = postSolution
		{7E885119-F319-4FDE-B235-58F90EE6CD78}.Debug|Any CPU.ActiveCfg = Debug|Any CPU
		{7E885119-F319-4FDE-B235-58F90EE6CD78}.Debug|Any CPU.Build.0 = Debug|Any CPU
		{7E885119-F319-4FDE-B235-58F90EE6CD78}.Debug|x64.ActiveCfg = Debug|x64
		{7E885119-F319-4FDE-B235-58F90EE6CD78}.Debug|x64.Build.0 = Debug|x64
		{7E885119-F319-4FDE-B235-58F90EE6CD78}.Release|Any CPU.ActiveCfg = Release|Any CPU
		{7E885119-F319-4FDE-B235-58F90EE6CD78}.Release|Any CPU.Build.0 = Release|Any CPU
		{7E885119-F319-4FDE-B235-58F90EE6CD78}.Release|x64.ActiveCfg = Release|x64
		{7E885119-F319-4FDE-B235-58F90EE6CD78}.Release|x64.Build.0 = Release|x64
	EndGlobalSection
	GlobalSection(SolutionProperties) = preSolution
		HideSolutionNode = FALSE
	EndGlobalSection
	GlobalSection(ExtensibilityGlobals) = postSolution
		SolutionGuid = {2C75EA97-2E5D-4804-9724-4AA7B2ACF94C}
	EndGlobalSection
EndGlobal
